// !$*UTF8*$!
{
	archiveVersion = 1;
	classes = {
	};
	objectVersion = 46;
	objects = {

/* Begin PBXBuildFile section */
		3805F5B4194158750073BBD8 /* Foundation.framework in Frameworks */ = {isa = PBXBuildFile; fileRef = 3805F5B3194158750073BBD8 /* Foundation.framework */; };
		3805F5B6194158750073BBD8 /* CoreGraphics.framework in Frameworks */ = {isa = PBXBuildFile; fileRef = 3805F5B5194158750073BBD8 /* CoreGraphics.framework */; };
		3805F5B8194158750073BBD8 /* UIKit.framework in Frameworks */ = {isa = PBXBuildFile; fileRef = 3805F5B7194158750073BBD8 /* UIKit.framework */; };
		3805F5BE194158750073BBD8 /* InfoPlist.strings in Resources */ = {isa = PBXBuildFile; fileRef = 3805F5BC194158750073BBD8 /* InfoPlist.strings */; };
		3805F5C0194158750073BBD8 /* main.m in Sources */ = {isa = PBXBuildFile; fileRef = 3805F5BF194158750073BBD8 /* main.m */; };
		3805F5C4194158750073BBD8 /* AppDelegate.m in Sources */ = {isa = PBXBuildFile; fileRef = 3805F5C3194158750073BBD8 /* AppDelegate.m */; };
		3805F5C6194158750073BBD8 /* Images.xcassets in Resources */ = {isa = PBXBuildFile; fileRef = 3805F5C5194158750073BBD8 /* Images.xcassets */; };
		3805F5CD194158750073BBD8 /* XCTest.framework in Frameworks */ = {isa = PBXBuildFile; fileRef = 3805F5CC194158750073BBD8 /* XCTest.framework */; };
		3805F5CE194158750073BBD8 /* Foundation.framework in Frameworks */ = {isa = PBXBuildFile; fileRef = 3805F5B3194158750073BBD8 /* Foundation.framework */; };
		3805F5CF194158750073BBD8 /* UIKit.framework in Frameworks */ = {isa = PBXBuildFile; fileRef = 3805F5B7194158750073BBD8 /* UIKit.framework */; };
		3805F5D7194158750073BBD8 /* InfoPlist.strings in Resources */ = {isa = PBXBuildFile; fileRef = 3805F5D5194158750073BBD8 /* InfoPlist.strings */; };
		3805F5D9194158750073BBD8 /* iOSRottenTomatoesTests.m in Sources */ = {isa = PBXBuildFile; fileRef = 3805F5D8194158750073BBD8 /* iOSRottenTomatoesTests.m */; };
		3805F5E619416C420073BBD8 /* MoviesListViewController.m in Sources */ = {isa = PBXBuildFile; fileRef = 3805F5E419416C420073BBD8 /* MoviesListViewController.m */; };
		3805F5E719416C420073BBD8 /* MoviesListViewController.xib in Resources */ = {isa = PBXBuildFile; fileRef = 3805F5E519416C420073BBD8 /* MoviesListViewController.xib */; };
		386EA57619417CFF00B3DA47 /* RottenTomatoesClient.m in Sources */ = {isa = PBXBuildFile; fileRef = 386EA57519417CFF00B3DA47 /* RottenTomatoesClient.m */; };
		389751F2194275CA0068E414 /* MovieTableViewCell.m in Sources */ = {isa = PBXBuildFile; fileRef = 389751F0194275CA0068E414 /* MovieTableViewCell.m */; };
		389751F3194275CA0068E414 /* MovieTableViewCell.xib in Resources */ = {isa = PBXBuildFile; fileRef = 389751F1194275CA0068E414 /* MovieTableViewCell.xib */; };
		E1AF7368D4FF4506ACCE69B9 /* libPods-iOSRottenTomatoes.a in Frameworks */ = {isa = PBXBuildFile; fileRef = A15DCEEF3D17404AAC436ADE /* libPods-iOSRottenTomatoes.a */; };
/* End PBXBuildFile section */

/* Begin PBXContainerItemProxy section */
		3805F5D0194158750073BBD8 /* PBXContainerItemProxy */ = {
			isa = PBXContainerItemProxy;
			containerPortal = 3805F5A8194158750073BBD8 /* Project object */;
			proxyType = 1;
			remoteGlobalIDString = 3805F5AF194158750073BBD8;
			remoteInfo = iOSRottenTomatoes;
		};
/* End PBXContainerItemProxy section */

/* Begin PBXFileReference section */
		3805F5B0194158750073BBD8 /* iOSRottenTomatoes.app */ = {isa = PBXFileReference; explicitFileType = wrapper.application; includeInIndex = 0; path = iOSRottenTomatoes.app; sourceTree = BUILT_PRODUCTS_DIR; };
		3805F5B3194158750073BBD8 /* Foundation.framework */ = {isa = PBXFileReference; lastKnownFileType = wrapper.framework; name = Foundation.framework; path = System/Library/Frameworks/Foundation.framework; sourceTree = SDKROOT; };
		3805F5B5194158750073BBD8 /* CoreGraphics.framework */ = {isa = PBXFileReference; lastKnownFileType = wrapper.framework; name = CoreGraphics.framework; path = System/Library/Frameworks/CoreGraphics.framework; sourceTree = SDKROOT; };
		3805F5B7194158750073BBD8 /* UIKit.framework */ = {isa = PBXFileReference; lastKnownFileType = wrapper.framework; name = UIKit.framework; path = System/Library/Frameworks/UIKit.framework; sourceTree = SDKROOT; };
		3805F5BB194158750073BBD8 /* iOSRottenTomatoes-Info.plist */ = {isa = PBXFileReference; lastKnownFileType = text.plist.xml; path = "iOSRottenTomatoes-Info.plist"; sourceTree = "<group>"; };
		3805F5BD194158750073BBD8 /* en */ = {isa = PBXFileReference; lastKnownFileType = text.plist.strings; name = en; path = en.lproj/InfoPlist.strings; sourceTree = "<group>"; };
		3805F5BF194158750073BBD8 /* main.m */ = {isa = PBXFileReference; lastKnownFileType = sourcecode.c.objc; path = main.m; sourceTree = "<group>"; };
		3805F5C1194158750073BBD8 /* iOSRottenTomatoes-Prefix.pch */ = {isa = PBXFileReference; lastKnownFileType = sourcecode.c.h; path = "iOSRottenTomatoes-Prefix.pch"; sourceTree = "<group>"; };
		3805F5C2194158750073BBD8 /* AppDelegate.h */ = {isa = PBXFileReference; lastKnownFileType = sourcecode.c.h; path = AppDelegate.h; sourceTree = "<group>"; };
		3805F5C3194158750073BBD8 /* AppDelegate.m */ = {isa = PBXFileReference; lastKnownFileType = sourcecode.c.objc; path = AppDelegate.m; sourceTree = "<group>"; };
		3805F5C5194158750073BBD8 /* Images.xcassets */ = {isa = PBXFileReference; lastKnownFileType = folder.assetcatalog; path = Images.xcassets; sourceTree = "<group>"; };
		3805F5CB194158750073BBD8 /* iOSRottenTomatoesTests.xctest */ = {isa = PBXFileReference; explicitFileType = wrapper.cfbundle; includeInIndex = 0; path = iOSRottenTomatoesTests.xctest; sourceTree = BUILT_PRODUCTS_DIR; };
		3805F5CC194158750073BBD8 /* XCTest.framework */ = {isa = PBXFileReference; lastKnownFileType = wrapper.framework; name = XCTest.framework; path = Library/Frameworks/XCTest.framework; sourceTree = DEVELOPER_DIR; };
		3805F5D4194158750073BBD8 /* iOSRottenTomatoesTests-Info.plist */ = {isa = PBXFileReference; lastKnownFileType = text.plist.xml; path = "iOSRottenTomatoesTests-Info.plist"; sourceTree = "<group>"; };
		3805F5D6194158750073BBD8 /* en */ = {isa = PBXFileReference; lastKnownFileType = text.plist.strings; name = en; path = en.lproj/InfoPlist.strings; sourceTree = "<group>"; };
		3805F5D8194158750073BBD8 /* iOSRottenTomatoesTests.m */ = {isa = PBXFileReference; lastKnownFileType = sourcecode.c.objc; path = iOSRottenTomatoesTests.m; sourceTree = "<group>"; };
		3805F5E319416C420073BBD8 /* MoviesListViewController.h */ = {isa = PBXFileReference; fileEncoding = 4; lastKnownFileType = sourcecode.c.h; path = MoviesListViewController.h; sourceTree = "<group>"; };
		3805F5E419416C420073BBD8 /* MoviesListViewController.m */ = {isa = PBXFileReference; fileEncoding = 4; lastKnownFileType = sourcecode.c.objc; path = MoviesListViewController.m; sourceTree = "<group>"; };
		3805F5E519416C420073BBD8 /* MoviesListViewController.xib */ = {isa = PBXFileReference; fileEncoding = 4; lastKnownFileType = file.xib; path = MoviesListViewController.xib; sourceTree = "<group>"; };
		386EA57419417CFF00B3DA47 /* RottenTomatoesClient.h */ = {isa = PBXFileReference; fileEncoding = 4; lastKnownFileType = sourcecode.c.h; path = RottenTomatoesClient.h; sourceTree = "<group>"; };
		386EA57519417CFF00B3DA47 /* RottenTomatoesClient.m */ = {isa = PBXFileReference; fileEncoding = 4; lastKnownFileType = sourcecode.c.objc; path = RottenTomatoesClient.m; sourceTree = "<group>"; };
		389751EF194275CA0068E414 /* MovieTableViewCell.h */ = {isa = PBXFileReference; fileEncoding = 4; lastKnownFileType = sourcecode.c.h; name = MovieTableViewCell.h; path = ../MovieTableViewCell.h; sourceTree = "<group>"; };
		389751F0194275CA0068E414 /* MovieTableViewCell.m */ = {isa = PBXFileReference; fileEncoding = 4; lastKnownFileType = sourcecode.c.objc; name = MovieTableViewCell.m; path = ../MovieTableViewCell.m; sourceTree = "<group>"; };
		389751F1194275CA0068E414 /* MovieTableViewCell.xib */ = {isa = PBXFileReference; fileEncoding = 4; lastKnownFileType = file.xib; name = MovieTableViewCell.xib; path = ../MovieTableViewCell.xib; sourceTree = "<group>"; };
		A15DCEEF3D17404AAC436ADE /* libPods-iOSRottenTomatoes.a */ = {isa = PBXFileReference; explicitFileType = archive.ar; includeInIndex = 0; path = "libPods-iOSRottenTomatoes.a"; sourceTree = BUILT_PRODUCTS_DIR; };
		F7AC9FCEFFED444CBFB2E078 /* Pods-iOSRottenTomatoes.xcconfig */ = {isa = PBXFileReference; includeInIndex = 1; lastKnownFileType = text.xcconfig; name = "Pods-iOSRottenTomatoes.xcconfig"; path = "Pods/Pods-iOSRottenTomatoes.xcconfig"; sourceTree = "<group>"; };
/* End PBXFileReference section */

/* Begin PBXFrameworksBuildPhase section */
		3805F5AD194158750073BBD8 /* Frameworks */ = {
			isa = PBXFrameworksBuildPhase;
			buildActionMask = 2147483647;
			files = (
				3805F5B6194158750073BBD8 /* CoreGraphics.framework in Frameworks */,
				3805F5B8194158750073BBD8 /* UIKit.framework in Frameworks */,
				3805F5B4194158750073BBD8 /* Foundation.framework in Frameworks */,
				E1AF7368D4FF4506ACCE69B9 /* libPods-iOSRottenTomatoes.a in Frameworks */,
			);
			runOnlyForDeploymentPostprocessing = 0;
		};
		3805F5C8194158750073BBD8 /* Frameworks */ = {
			isa = PBXFrameworksBuildPhase;
			buildActionMask = 2147483647;
			files = (
				3805F5CD194158750073BBD8 /* XCTest.framework in Frameworks */,
				3805F5CF194158750073BBD8 /* UIKit.framework in Frameworks */,
				3805F5CE194158750073BBD8 /* Foundation.framework in Frameworks */,
			);
			runOnlyForDeploymentPostprocessing = 0;
		};
/* End PBXFrameworksBuildPhase section */

/* Begin PBXGroup section */
		3805F5A7194158750073BBD8 = {
			isa = PBXGroup;
			children = (
				386EA57419417CFF00B3DA47 /* RottenTomatoesClient.h */,
				386EA57519417CFF00B3DA47 /* RottenTomatoesClient.m */,
				3805F5B9194158750073BBD8 /* iOSRottenTomatoes */,
				3805F5D2194158750073BBD8 /* iOSRottenTomatoesTests */,
				3805F5B2194158750073BBD8 /* Frameworks */,
				3805F5B1194158750073BBD8 /* Products */,
				F7AC9FCEFFED444CBFB2E078 /* Pods-iOSRottenTomatoes.xcconfig */,
			);
			sourceTree = "<group>";
		};
		3805F5B1194158750073BBD8 /* Products */ = {
			isa = PBXGroup;
			children = (
				3805F5B0194158750073BBD8 /* iOSRottenTomatoes.app */,
				3805F5CB194158750073BBD8 /* iOSRottenTomatoesTests.xctest */,
			);
			name = Products;
			sourceTree = "<group>";
		};
		3805F5B2194158750073BBD8 /* Frameworks */ = {
			isa = PBXGroup;
			children = (
				3805F5B3194158750073BBD8 /* Foundation.framework */,
				3805F5B5194158750073BBD8 /* CoreGraphics.framework */,
				3805F5B7194158750073BBD8 /* UIKit.framework */,
				3805F5CC194158750073BBD8 /* XCTest.framework */,
				A15DCEEF3D17404AAC436ADE /* libPods-iOSRottenTomatoes.a */,
			);
			name = Frameworks;
			sourceTree = "<group>";
		};
		3805F5B9194158750073BBD8 /* iOSRottenTomatoes */ = {
			isa = PBXGroup;
			children = (
				3805F5E219416C230073BBD8 /* View Controllers */,
				3805F5C2194158750073BBD8 /* AppDelegate.h */,
				3805F5C3194158750073BBD8 /* AppDelegate.m */,
				3805F5C5194158750073BBD8 /* Images.xcassets */,
				3805F5BA194158750073BBD8 /* Supporting Files */,
			);
			path = iOSRottenTomatoes;
			sourceTree = "<group>";
		};
		3805F5BA194158750073BBD8 /* Supporting Files */ = {
			isa = PBXGroup;
			children = (
				3805F5BB194158750073BBD8 /* iOSRottenTomatoes-Info.plist */,
				3805F5BC194158750073BBD8 /* InfoPlist.strings */,
				3805F5BF194158750073BBD8 /* main.m */,
				3805F5C1194158750073BBD8 /* iOSRottenTomatoes-Prefix.pch */,
			);
			name = "Supporting Files";
			sourceTree = "<group>";
		};
		3805F5D2194158750073BBD8 /* iOSRottenTomatoesTests */ = {
			isa = PBXGroup;
			children = (
				3805F5D8194158750073BBD8 /* iOSRottenTomatoesTests.m */,
				3805F5D3194158750073BBD8 /* Supporting Files */,
			);
			path = iOSRottenTomatoesTests;
			sourceTree = "<group>";
		};
		3805F5D3194158750073BBD8 /* Supporting Files */ = {
			isa = PBXGroup;
			children = (
				3805F5D4194158750073BBD8 /* iOSRottenTomatoesTests-Info.plist */,
				3805F5D5194158750073BBD8 /* InfoPlist.strings */,
			);
			name = "Supporting Files";
			sourceTree = "<group>";
		};
		3805F5E219416C230073BBD8 /* View Controllers */ = {
			isa = PBXGroup;
			children = (
				389751EF194275CA0068E414 /* MovieTableViewCell.h */,
				389751F0194275CA0068E414 /* MovieTableViewCell.m */,
				389751F1194275CA0068E414 /* MovieTableViewCell.xib */,
				3805F5E319416C420073BBD8 /* MoviesListViewController.h */,
				3805F5E419416C420073BBD8 /* MoviesListViewController.m */,
				3805F5E519416C420073BBD8 /* MoviesListViewController.xib */,
			);
			name = "View Controllers";
			sourceTree = "<group>";
		};
/* End PBXGroup section */

/* Begin PBXNativeTarget section */
		3805F5AF194158750073BBD8 /* iOSRottenTomatoes */ = {
			isa = PBXNativeTarget;
			buildConfigurationList = 3805F5DC194158750073BBD8 /* Build configuration list for PBXNativeTarget "iOSRottenTomatoes" */;
			buildPhases = (
				8AF4C5E135AB40CE943A0841 /* Check Pods Manifest.lock */,
				3805F5AC194158750073BBD8 /* Sources */,
				3805F5AD194158750073BBD8 /* Frameworks */,
				3805F5AE194158750073BBD8 /* Resources */,
				CA00B26FCF6845528F943280 /* Copy Pods Resources */,
			);
			buildRules = (
			);
			dependencies = (
			);
			name = iOSRottenTomatoes;
			productName = iOSRottenTomatoes;
			productReference = 3805F5B0194158750073BBD8 /* iOSRottenTomatoes.app */;
			productType = "com.apple.product-type.application";
		};
		3805F5CA194158750073BBD8 /* iOSRottenTomatoesTests */ = {
			isa = PBXNativeTarget;
			buildConfigurationList = 3805F5DF194158750073BBD8 /* Build configuration list for PBXNativeTarget "iOSRottenTomatoesTests" */;
			buildPhases = (
				3805F5C7194158750073BBD8 /* Sources */,
				3805F5C8194158750073BBD8 /* Frameworks */,
				3805F5C9194158750073BBD8 /* Resources */,
			);
			buildRules = (
			);
			dependencies = (
				3805F5D1194158750073BBD8 /* PBXTargetDependency */,
			);
			name = iOSRottenTomatoesTests;
			productName = iOSRottenTomatoesTests;
			productReference = 3805F5CB194158750073BBD8 /* iOSRottenTomatoesTests.xctest */;
			productType = "com.apple.product-type.bundle.unit-test";
		};
/* End PBXNativeTarget section */

/* Begin PBXProject section */
		3805F5A8194158750073BBD8 /* Project object */ = {
			isa = PBXProject;
			attributes = {
				LastUpgradeCheck = 0510;
				ORGANIZATIONNAME = alexnj;
				TargetAttributes = {
					3805F5CA194158750073BBD8 = {
						TestTargetID = 3805F5AF194158750073BBD8;
					};
				};
			};
			buildConfigurationList = 3805F5AB194158750073BBD8 /* Build configuration list for PBXProject "iOSRottenTomatoes" */;
			compatibilityVersion = "Xcode 3.2";
			developmentRegion = English;
			hasScannedForEncodings = 0;
			knownRegions = (
				en,
			);
			mainGroup = 3805F5A7194158750073BBD8;
			productRefGroup = 3805F5B1194158750073BBD8 /* Products */;
			projectDirPath = "";
			projectRoot = "";
			targets = (
				3805F5AF194158750073BBD8 /* iOSRottenTomatoes */,
				3805F5CA194158750073BBD8 /* iOSRottenTomatoesTests */,
			);
		};
/* End PBXProject section */

/* Begin PBXResourcesBuildPhase section */
		3805F5AE194158750073BBD8 /* Resources */ = {
			isa = PBXResourcesBuildPhase;
			buildActionMask = 2147483647;
			files = (
				3805F5BE194158750073BBD8 /* InfoPlist.strings in Resources */,
				3805F5C6194158750073BBD8 /* Images.xcassets in Resources */,
				389751F3194275CA0068E414 /* MovieTableViewCell.xib in Resources */,
				3805F5E719416C420073BBD8 /* MoviesListViewController.xib in Resources */,
			);
			runOnlyForDeploymentPostprocessing = 0;
		};
		3805F5C9194158750073BBD8 /* Resources */ = {
			isa = PBXResourcesBuildPhase;
			buildActionMask = 2147483647;
			files = (
				3805F5D7194158750073BBD8 /* InfoPlist.strings in Resources */,
			);
			runOnlyForDeploymentPostprocessing = 0;
		};
/* End PBXResourcesBuildPhase section */

/* Begin PBXShellScriptBuildPhase section */
		8AF4C5E135AB40CE943A0841 /* Check Pods Manifest.lock */ = {
			isa = PBXShellScriptBuildPhase;
			buildActionMask = 2147483647;
			files = (
			);
			inputPaths = (
			);
			name = "Check Pods Manifest.lock";
			outputPaths = (
			);
			runOnlyForDeploymentPostprocessing = 0;
			shellPath = /bin/sh;
			shellScript = "diff \"${PODS_ROOT}/../Podfile.lock\" \"${PODS_ROOT}/Manifest.lock\" > /dev/null\nif [[ $? != 0 ]] ; then\n    cat << EOM\nerror: The sandbox is not in sync with the Podfile.lock. Run 'pod install' or update your CocoaPods installation.\nEOM\n    exit 1\nfi\n";
			showEnvVarsInLog = 0;
		};
		CA00B26FCF6845528F943280 /* Copy Pods Resources */ = {
			isa = PBXShellScriptBuildPhase;
			buildActionMask = 2147483647;
			files = (
			);
			inputPaths = (
			);
			name = "Copy Pods Resources";
			outputPaths = (
			);
			runOnlyForDeploymentPostprocessing = 0;
			shellPath = /bin/sh;
			shellScript = "\"${SRCROOT}/Pods/Pods-iOSRottenTomatoes-resources.sh\"\n";
			showEnvVarsInLog = 0;
		};
/* End PBXShellScriptBuildPhase section */

/* Begin PBXSourcesBuildPhase section */
		3805F5AC194158750073BBD8 /* Sources */ = {
			isa = PBXSourcesBuildPhase;
			buildActionMask = 2147483647;
			files = (
				386EA57619417CFF00B3DA47 /* RottenTomatoesClient.m in Sources */,
				3805F5C4194158750073BBD8 /* AppDelegate.m in Sources */,
				3805F5C0194158750073BBD8 /* main.m in Sources */,
				389751F2194275CA0068E414 /* MovieTableViewCell.m in Sources */,
				3805F5E619416C420073BBD8 /* MoviesListViewController.m in Sources */,
			);
			runOnlyForDeploymentPostprocessing = 0;
		};
		3805F5C7194158750073BBD8 /* Sources */ = {
			isa = PBXSourcesBuildPhase;
			buildActionMask = 2147483647;
			files = (
				3805F5D9194158750073BBD8 /* iOSRottenTomatoesTests.m in Sources */,
			);
			runOnlyForDeploymentPostprocessing = 0;
		};
/* End PBXSourcesBuildPhase section */

/* Begin PBXTargetDependency section */
		3805F5D1194158750073BBD8 /* PBXTargetDependency */ = {
			isa = PBXTargetDependency;
			target = 3805F5AF194158750073BBD8 /* iOSRottenTomatoes */;
			targetProxy = 3805F5D0194158750073BBD8 /* PBXContainerItemProxy */;
		};
/* End PBXTargetDependency section */

/* Begin PBXVariantGroup section */
		3805F5BC194158750073BBD8 /* InfoPlist.strings */ = {
			isa = PBXVariantGroup;
			children = (
				3805F5BD194158750073BBD8 /* en */,
			);
			name = InfoPlist.strings;
			sourceTree = "<group>";
		};
		3805F5D5194158750073BBD8 /* InfoPlist.strings */ = {
			isa = PBXVariantGroup;
			children = (
				3805F5D6194158750073BBD8 /* en */,
			);
			name = InfoPlist.strings;
			sourceTree = "<group>";
		};
/* End PBXVariantGroup section */

/* Begin XCBuildConfiguration section */
		3805F5DA194158750073BBD8 /* Debug */ = {
			isa = XCBuildConfiguration;
			buildSettings = {
				ALWAYS_SEARCH_USER_PATHS = NO;
				CLANG_CXX_LANGUAGE_STANDARD = "gnu++0x";
				CLANG_CXX_LIBRARY = "libc++";
				CLANG_ENABLE_MODULES = YES;
				CLANG_ENABLE_OBJC_ARC = YES;
				CLANG_WARN_BOOL_CONVERSION = YES;
				CLANG_WARN_CONSTANT_CONVERSION = YES;
				CLANG_WARN_DIRECT_OBJC_ISA_USAGE = YES_ERROR;
				CLANG_WARN_EMPTY_BODY = YES;
				CLANG_WARN_ENUM_CONVERSION = YES;
				CLANG_WARN_INT_CONVERSION = YES;
				CLANG_WARN_OBJC_ROOT_CLASS = YES_ERROR;
				CLANG_WARN__DUPLICATE_METHOD_MATCH = YES;
				"CODE_SIGN_IDENTITY[sdk=iphoneos*]" = "iPhone Developer";
				COPY_PHASE_STRIP = NO;
				GCC_C_LANGUAGE_STANDARD = gnu99;
				GCC_DYNAMIC_NO_PIC = NO;
				GCC_OPTIMIZATION_LEVEL = 0;
				GCC_PREPROCESSOR_DEFINITIONS = (
					"DEBUG=1",
					"$(inherited)",
				);
				GCC_SYMBOLS_PRIVATE_EXTERN = NO;
				GCC_WARN_64_TO_32_BIT_CONVERSION = YES;
				GCC_WARN_ABOUT_RETURN_TYPE = YES_ERROR;
				GCC_WARN_UNDECLARED_SELECTOR = YES;
				GCC_WARN_UNINITIALIZED_AUTOS = YES_AGGRESSIVE;
				GCC_WARN_UNUSED_FUNCTION = YES;
				GCC_WARN_UNUSED_VARIABLE = YES;
				IPHONEOS_DEPLOYMENT_TARGET = 7.1;
				ONLY_ACTIVE_ARCH = YES;
				SDKROOT = iphoneos;
			};
			name = Debug;
		};
		3805F5DB194158750073BBD8 /* Release */ = {
			isa = XCBuildConfiguration;
			buildSettings = {
				ALWAYS_SEARCH_USER_PATHS = NO;
				CLANG_CXX_LANGUAGE_STANDARD = "gnu++0x";
				CLANG_CXX_LIBRARY = "libc++";
				CLANG_ENABLE_MODULES = YES;
				CLANG_ENABLE_OBJC_ARC = YES;
				CLANG_WARN_BOOL_CONVERSION = YES;
				CLANG_WARN_CONSTANT_CONVERSION = YES;
				CLANG_WARN_DIRECT_OBJC_ISA_USAGE = YES_ERROR;
				CLANG_WARN_EMPTY_BODY = YES;
				CLANG_WARN_ENUM_CONVERSION = YES;
				CLANG_WARN_INT_CONVERSION = YES;
				CLANG_WARN_OBJC_ROOT_CLASS = YES_ERROR;
				CLANG_WARN__DUPLICATE_METHOD_MATCH = YES;
				"CODE_SIGN_IDENTITY[sdk=iphoneos*]" = "iPhone Developer";
				COPY_PHASE_STRIP = YES;
				ENABLE_NS_ASSERTIONS = NO;
				GCC_C_LANGUAGE_STANDARD = gnu99;
				GCC_WARN_64_TO_32_BIT_CONVERSION = YES;
				GCC_WARN_ABOUT_RETURN_TYPE = YES_ERROR;
				GCC_WARN_UNDECLARED_SELECTOR = YES;
				GCC_WARN_UNINITIALIZED_AUTOS = YES_AGGRESSIVE;
				GCC_WARN_UNUSED_FUNCTION = YES;
				GCC_WARN_UNUSED_VARIABLE = YES;
				IPHONEOS_DEPLOYMENT_TARGET = 7.1;
				SDKROOT = iphoneos;
				VALIDATE_PRODUCT = YES;
			};
			name = Release;
		};
		3805F5DD194158750073BBD8 /* Debug */ = {
			isa = XCBuildConfiguration;
			baseConfigurationReference = F7AC9FCEFFED444CBFB2E078 /* Pods-iOSRottenTomatoes.xcconfig */;
			buildSettings = {
				ASSETCATALOG_COMPILER_APPICON_NAME = AppIcon;
				ASSETCATALOG_COMPILER_LAUNCHIMAGE_NAME = LaunchImage;
				GCC_PRECOMPILE_PREFIX_HEADER = YES;
				GCC_PREFIX_HEADER = "iOSRottenTomatoes/iOSRottenTomatoes-Prefix.pch";
				INFOPLIST_FILE = "iOSRottenTomatoes/iOSRottenTomatoes-Info.plist";
				PRODUCT_NAME = "$(TARGET_NAME)";
				WRAPPER_EXTENSION = app;
			};
			name = Debug;
		};
		3805F5DE194158750073BBD8 /* Release */ = {
			isa = XCBuildConfiguration;
			baseConfigurationReference = F7AC9FCEFFED444CBFB2E078 /* Pods-iOSRottenTomatoes.xcconfig */;
			buildSettings = {
				ASSETCATALOG_COMPILER_APPICON_NAME = AppIcon;
				ASSETCATALOG_COMPILER_LAUNCHIMAGE_NAME = LaunchImage;
				GCC_PRECOMPILE_PREFIX_HEADER = YES;
				GCC_PREFIX_HEADER = "iOSRottenTomatoes/iOSRottenTomatoes-Prefix.pch";
				INFOPLIST_FILE = "iOSRottenTomatoes/iOSRottenTomatoes-Info.plist";
				PRODUCT_NAME = "$(TARGET_NAME)";
				WRAPPER_EXTENSION = app;
			};
			name = Release;
		};
		3805F5E0194158750073BBD8 /* Debug */ = {
			isa = XCBuildConfiguration;
			buildSettings = {
				BUNDLE_LOADER = "$(BUILT_PRODUCTS_DIR)/iOSRottenTomatoes.app/iOSRottenTomatoes";
				FRAMEWORK_SEARCH_PATHS = (
					"$(SDKROOT)/Developer/Library/Frameworks",
					"$(inherited)",
					"$(DEVELOPER_FRAMEWORKS_DIR)",
				);
				GCC_PRECOMPILE_PREFIX_HEADER = YES;
				GCC_PREFIX_HEADER = "iOSRottenTomatoes/iOSRottenTomatoes-Prefix.pch";
				GCC_PREPROCESSOR_DEFINITIONS = (
					"DEBUG=1",
					"$(inherited)",
				);
				INFOPLIST_FILE = "iOSRottenTomatoesTests/iOSRottenTomatoesTests-Info.plist";
				PRODUCT_NAME = "$(TARGET_NAME)";
				TEST_HOST = "$(BUNDLE_LOADER)";
				WRAPPER_EXTENSION = xctest;
			};
			name = Debug;
		};
		3805F5E1194158750073BBD8 /* Release */ = {
			isa = XCBuildConfiguration;
			buildSettings = {
				BUNDLE_LOADER = "$(BUILT_PRODUCTS_DIR)/iOSRottenTomatoes.app/iOSRottenTomatoes";
				FRAMEWORK_SEARCH_PATHS = (
					"$(SDKROOT)/Developer/Library/Frameworks",
					"$(inherited)",
					"$(DEVELOPER_FRAMEWORKS_DIR)",
				);
				GCC_PRECOMPILE_PREFIX_HEADER = YES;
				GCC_PREFIX_HEADER = "iOSRottenTomatoes/iOSRottenTomatoes-Prefix.pch";
				INFOPLIST_FILE = "iOSRottenTomatoesTests/iOSRottenTomatoesTests-Info.plist";
				PRODUCT_NAME = "$(TARGET_NAME)";
				TEST_HOST = "$(BUNDLE_LOADER)";
				WRAPPER_EXTENSION = xctest;
			};
			name = Release;
		};
/* End XCBuildConfiguration section */

/* Begin XCConfigurationList section */
		3805F5AB194158750073BBD8 /* Build configuration list for PBXProject "iOSRottenTomatoes" */ = {
			isa = XCConfigurationList;
			buildConfigurations = (
				3805F5DA194158750073BBD8 /* Debug */,
				3805F5DB194158750073BBD8 /* Release */,
			);
			defaultConfigurationIsVisible = 0;
			defaultConfigurationName = Release;
		};
		3805F5DC194158750073BBD8 /* Build configuration list for PBXNativeTarget "iOSRottenTomatoes" */ = {
			isa = XCConfigurationList;
			buildConfigurations = (
				3805F5DD194158750073BBD8 /* Debug */,
				3805F5DE194158750073BBD8 /* Release */,
			);
			defaultConfigurationIsVisible = 0;
			defaultConfigurationName = Release;
		};
		3805F5DF194158750073BBD8 /* Build configuration list for PBXNativeTarget "iOSRottenTomatoesTests" */ = {
			isa = XCConfigurationList;
			buildConfigurations = (
				3805F5E0194158750073BBD8 /* Debug */,
				3805F5E1194158750073BBD8 /* Release */,
			);
			defaultConfigurationIsVisible = 0;
			defaultConfigurationName = Release;
		};
/* End XCConfigurationList section */
	};
	rootObject = 3805F5A8194158750073BBD8 /* Project object */;
}
